
Microsoft Visual Studio Solution File, Format Version 12.00
# Visual Studio Version 16
VisualStudioVersion = 16.0.30011.22
MinimumVisualStudioVersion = 10.0.40219.1
Project("{9A19103F-16F7-4668-BE54-9A1E7A4F7556}") = "api", "api.csproj", "{0446E7A8-E955-4FF3-9A29-F4BC7EC6B7A9}"
EndProject
Project("{E53339B2-1760-4266-BCC7-CA923CBCF16C}") = "docker-compose", "docker-compose.dcproj", "{07F37CCB-F2F4-49B6-BF72-D08DADDD51FC}"
EndProject
Global
	GlobalSection(SolutionConfigurationPlatforms) = preSolution
		Debug|Any CPU = Debug|Any CPU
		Release|Any CPU = Release|Any CPU
	EndGlobalSection
	GlobalSection(ProjectConfigurationPlatforms) = postSolution
		{0446E7A8-E955-4FF3-9A29-F4BC7EC6B7A9}.Debug|Any CPU.ActiveCfg = Debug|Any CPU
		{0446E7A8-E955-4FF3-9A29-F4BC7EC6B7A9}.Debug|Any CPU.Build.0 = Debug|Any CPU
		{0446E7A8-E955-4FF3-9A29-F4BC7EC6B7A9}.Release|Any CPU.ActiveCfg = Release|Any CPU
		{0446E7A8-E955-4FF3-9A29-F4BC7EC6B7A9}.Release|Any CPU.Build.0 = Release|Any CPU
		{07F37CCB-F2F4-49B6-BF72-D08DADDD51FC}.Debug|Any CPU.ActiveCfg = Debug|Any CPU
		{07F37CCB-F2F4-49B6-BF72-D08DADDD51FC}.Debug|Any CPU.Build.0 = Debug|Any CPU
		{07F37CCB-F2F4-49B6-BF72-D08DADDD51FC}.Release|Any CPU.ActiveCfg = Release|Any CPU
		{07F37CCB-F2F4-49B6-BF72-D08DADDD51FC}.Release|Any CPU.Build.0 = Release|Any CPU
	EndGlobalSection
	GlobalSection(SolutionProperties) = preSolution
		HideSolutionNode = FALSE
	EndGlobalSection
	GlobalSection(ExtensibilityGlobals) = postSolution
		SolutionGuid = {325C9C31-A783-40C7-A394-CAEFDE484285}
	EndGlobalSection
EndGlobal
